// !$*UTF8*$!
{
	archiveVersion = 1;
	classes = {
	};
	objectVersion = 56;
	objects = {

/* Begin PBXBuildFile section */
		72FE4D412B4F066E00E0BA90 /* iOS_ConcurrencyApp.swift in Sources */ = {isa = PBXBuildFile; fileRef = 72FE4D402B4F066E00E0BA90 /* iOS_ConcurrencyApp.swift */; };
		72FE4D432B4F066E00E0BA90 /* UsersListView.swift in Sources */ = {isa = PBXBuildFile; fileRef = 72FE4D422B4F066E00E0BA90 /* UsersListView.swift */; };
		72FE4D452B4F066F00E0BA90 /* Assets.xcassets in Resources */ = {isa = PBXBuildFile; fileRef = 72FE4D442B4F066F00E0BA90 /* Assets.xcassets */; };
		72FE4D492B4F066F00E0BA90 /* Preview Assets.xcassets in Resources */ = {isa = PBXBuildFile; fileRef = 72FE4D482B4F066F00E0BA90 /* Preview Assets.xcassets */; };
		72FE4D532B4F067000E0BA90 /* iOS_ConcurrencyTests.swift in Sources */ = {isa = PBXBuildFile; fileRef = 72FE4D522B4F067000E0BA90 /* iOS_ConcurrencyTests.swift */; };
		72FE4D5D2B4F067000E0BA90 /* iOS_ConcurrencyUITests.swift in Sources */ = {isa = PBXBuildFile; fileRef = 72FE4D5C2B4F067000E0BA90 /* iOS_ConcurrencyUITests.swift */; };
		72FE4D5F2B4F067000E0BA90 /* iOS_ConcurrencyUITestsLaunchTests.swift in Sources */ = {isa = PBXBuildFile; fileRef = 72FE4D5E2B4F067000E0BA90 /* iOS_ConcurrencyUITestsLaunchTests.swift */; };
		72FE4D6D2B4F096700E0BA90 /* User.swift in Sources */ = {isa = PBXBuildFile; fileRef = 72FE4D6C2B4F096700E0BA90 /* User.swift */; };
		72FE4D6F2B4F0AB100E0BA90 /* Post.swift in Sources */ = {isa = PBXBuildFile; fileRef = 72FE4D6E2B4F0AB100E0BA90 /* Post.swift */; };
		72FE4D722B4F0CCE00E0BA90 /* APIService.swift in Sources */ = {isa = PBXBuildFile; fileRef = 72FE4D712B4F0CCE00E0BA90 /* APIService.swift */; };
		72FE4D762B4F268F00E0BA90 /* UsersListViewModel.swift in Sources */ = {isa = PBXBuildFile; fileRef = 72FE4D752B4F268F00E0BA90 /* UsersListViewModel.swift */; };
		72FE4D782B4F2C4000E0BA90 /* users.json in Resources */ = {isa = PBXBuildFile; fileRef = 72FE4D772B4F2C4000E0BA90 /* users.json */; };
		72FE4D7A2B4F2C9D00E0BA90 /* posts.json in Resources */ = {isa = PBXBuildFile; fileRef = 72FE4D792B4F2C9D00E0BA90 /* posts.json */; };
		72FE4D7D2B4F2E2900E0BA90 /* Bundle+Extension.swift in Sources */ = {isa = PBXBuildFile; fileRef = 72FE4D7C2B4F2E2900E0BA90 /* Bundle+Extension.swift */; };
		72FE4D7F2B4F37AA00E0BA90 /* MockData.swift in Sources */ = {isa = PBXBuildFile; fileRef = 72FE4D7E2B4F37AA00E0BA90 /* MockData.swift */; };
		72FE4D812B4F3BDF00E0BA90 /* PostsListViewModel.swift in Sources */ = {isa = PBXBuildFile; fileRef = 72FE4D802B4F3BDF00E0BA90 /* PostsListViewModel.swift */; };
		72FE4D832B4F3D4000E0BA90 /* PostsListView.swift in Sources */ = {isa = PBXBuildFile; fileRef = 72FE4D822B4F3D4000E0BA90 /* PostsListView.swift */; };
		72FE4D852B50783C00E0BA90 /* UserAndPosts.swift in Sources */ = {isa = PBXBuildFile; fileRef = 72FE4D842B50783C00E0BA90 /* UserAndPosts.swift */; };
/* End PBXBuildFile section */

/* Begin PBXContainerItemProxy section */
		72FE4D4F2B4F067000E0BA90 /* PBXContainerItemProxy */ = {
			isa = PBXContainerItemProxy;
			containerPortal = 72FE4D352B4F066E00E0BA90 /* Project object */;
			proxyType = 1;
			remoteGlobalIDString = 72FE4D3C2B4F066E00E0BA90;
			remoteInfo = "iOS Concurrency";
		};
		72FE4D592B4F067000E0BA90 /* PBXContainerItemProxy */ = {
			isa = PBXContainerItemProxy;
			containerPortal = 72FE4D352B4F066E00E0BA90 /* Project object */;
			proxyType = 1;
			remoteGlobalIDString = 72FE4D3C2B4F066E00E0BA90;
			remoteInfo = "iOS Concurrency";
		};
/* End PBXContainerItemProxy section */

/* Begin PBXFileReference section */
		72FE4D3D2B4F066E00E0BA90 /* iOS Concurrency.app */ = {isa = PBXFileReference; explicitFileType = wrapper.application; includeInIndex = 0; path = "iOS Concurrency.app"; sourceTree = BUILT_PRODUCTS_DIR; };
		72FE4D402B4F066E00E0BA90 /* iOS_ConcurrencyApp.swift */ = {isa = PBXFileReference; lastKnownFileType = sourcecode.swift; path = iOS_ConcurrencyApp.swift; sourceTree = "<group>"; };
		72FE4D422B4F066E00E0BA90 /* UsersListView.swift */ = {isa = PBXFileReference; lastKnownFileType = sourcecode.swift; path = UsersListView.swift; sourceTree = "<group>"; };
		72FE4D442B4F066F00E0BA90 /* Assets.xcassets */ = {isa = PBXFileReference; lastKnownFileType = folder.assetcatalog; path = Assets.xcassets; sourceTree = "<group>"; };
		72FE4D462B4F066F00E0BA90 /* iOS_Concurrency.entitlements */ = {isa = PBXFileReference; lastKnownFileType = text.plist.entitlements; path = iOS_Concurrency.entitlements; sourceTree = "<group>"; };
		72FE4D482B4F066F00E0BA90 /* Preview Assets.xcassets */ = {isa = PBXFileReference; lastKnownFileType = folder.assetcatalog; path = "Preview Assets.xcassets"; sourceTree = "<group>"; };
		72FE4D4E2B4F067000E0BA90 /* iOS ConcurrencyTests.xctest */ = {isa = PBXFileReference; explicitFileType = wrapper.cfbundle; includeInIndex = 0; path = "iOS ConcurrencyTests.xctest"; sourceTree = BUILT_PRODUCTS_DIR; };
		72FE4D522B4F067000E0BA90 /* iOS_ConcurrencyTests.swift */ = {isa = PBXFileReference; lastKnownFileType = sourcecode.swift; path = iOS_ConcurrencyTests.swift; sourceTree = "<group>"; };
		72FE4D582B4F067000E0BA90 /* iOS ConcurrencyUITests.xctest */ = {isa = PBXFileReference; explicitFileType = wrapper.cfbundle; includeInIndex = 0; path = "iOS ConcurrencyUITests.xctest"; sourceTree = BUILT_PRODUCTS_DIR; };
		72FE4D5C2B4F067000E0BA90 /* iOS_ConcurrencyUITests.swift */ = {isa = PBXFileReference; lastKnownFileType = sourcecode.swift; path = iOS_ConcurrencyUITests.swift; sourceTree = "<group>"; };
		72FE4D5E2B4F067000E0BA90 /* iOS_ConcurrencyUITestsLaunchTests.swift */ = {isa = PBXFileReference; lastKnownFileType = sourcecode.swift; path = iOS_ConcurrencyUITestsLaunchTests.swift; sourceTree = "<group>"; };
		72FE4D6C2B4F096700E0BA90 /* User.swift */ = {isa = PBXFileReference; lastKnownFileType = sourcecode.swift; path = User.swift; sourceTree = "<group>"; };
		72FE4D6E2B4F0AB100E0BA90 /* Post.swift */ = {isa = PBXFileReference; lastKnownFileType = sourcecode.swift; path = Post.swift; sourceTree = "<group>"; };
		72FE4D712B4F0CCE00E0BA90 /* APIService.swift */ = {isa = PBXFileReference; lastKnownFileType = sourcecode.swift; path = APIService.swift; sourceTree = "<group>"; };
		72FE4D752B4F268F00E0BA90 /* UsersListViewModel.swift */ = {isa = PBXFileReference; lastKnownFileType = sourcecode.swift; path = UsersListViewModel.swift; sourceTree = "<group>"; };
		72FE4D772B4F2C4000E0BA90 /* users.json */ = {isa = PBXFileReference; lastKnownFileType = text.json; path = users.json; sourceTree = "<group>"; };
		72FE4D792B4F2C9D00E0BA90 /* posts.json */ = {isa = PBXFileReference; lastKnownFileType = text.json; path = posts.json; sourceTree = "<group>"; };
		72FE4D7C2B4F2E2900E0BA90 /* Bundle+Extension.swift */ = {isa = PBXFileReference; lastKnownFileType = sourcecode.swift; path = "Bundle+Extension.swift"; sourceTree = "<group>"; };
		72FE4D7E2B4F37AA00E0BA90 /* MockData.swift */ = {isa = PBXFileReference; lastKnownFileType = sourcecode.swift; path = MockData.swift; sourceTree = "<group>"; };
		72FE4D802B4F3BDF00E0BA90 /* PostsListViewModel.swift */ = {isa = PBXFileReference; lastKnownFileType = sourcecode.swift; path = PostsListViewModel.swift; sourceTree = "<group>"; };
		72FE4D822B4F3D4000E0BA90 /* PostsListView.swift */ = {isa = PBXFileReference; lastKnownFileType = sourcecode.swift; path = PostsListView.swift; sourceTree = "<group>"; };
		72FE4D842B50783C00E0BA90 /* UserAndPosts.swift */ = {isa = PBXFileReference; lastKnownFileType = sourcecode.swift; path = UserAndPosts.swift; sourceTree = "<group>"; };
/* End PBXFileReference section */

/* Begin PBXFrameworksBuildPhase section */
		72FE4D3A2B4F066E00E0BA90 /* Frameworks */ = {
			isa = PBXFrameworksBuildPhase;
			buildActionMask = 2147483647;
			files = (
			);
			runOnlyForDeploymentPostprocessing = 0;
		};
		72FE4D4B2B4F067000E0BA90 /* Frameworks */ = {
			isa = PBXFrameworksBuildPhase;
			buildActionMask = 2147483647;
			files = (
			);
			runOnlyForDeploymentPostprocessing = 0;
		};
		72FE4D552B4F067000E0BA90 /* Frameworks */ = {
			isa = PBXFrameworksBuildPhase;
			buildActionMask = 2147483647;
			files = (
			);
			runOnlyForDeploymentPostprocessing = 0;
		};
/* End PBXFrameworksBuildPhase section */

/* Begin PBXGroup section */
		72FE4D342B4F066E00E0BA90 = {
			isa = PBXGroup;
			children = (
				72FE4D3F2B4F066E00E0BA90 /* iOS Concurrency */,
				72FE4D512B4F067000E0BA90 /* iOS ConcurrencyTests */,
				72FE4D5B2B4F067000E0BA90 /* iOS ConcurrencyUITests */,
				72FE4D3E2B4F066E00E0BA90 /* Products */,
			);
			sourceTree = "<group>";
		};
		72FE4D3E2B4F066E00E0BA90 /* Products */ = {
			isa = PBXGroup;
			children = (
				72FE4D3D2B4F066E00E0BA90 /* iOS Concurrency.app */,
				72FE4D4E2B4F067000E0BA90 /* iOS ConcurrencyTests.xctest */,
				72FE4D582B4F067000E0BA90 /* iOS ConcurrencyUITests.xctest */,
			);
			name = Products;
			sourceTree = "<group>";
		};
		72FE4D3F2B4F066E00E0BA90 /* iOS Concurrency */ = {
			isa = PBXGroup;
			children = (
				72FE4D7B2B4F2DF900E0BA90 /* Extensions */,
				72FE4D742B4F265F00E0BA90 /* ViewModels */,
				72FE4D732B4F262400E0BA90 /* Views */,
				72FE4D702B4F0CA300E0BA90 /* Services */,
				72FE4D6B2B4F093F00E0BA90 /* Models */,
				72FE4D402B4F066E00E0BA90 /* iOS_ConcurrencyApp.swift */,
				72FE4D442B4F066F00E0BA90 /* Assets.xcassets */,
				72FE4D462B4F066F00E0BA90 /* iOS_Concurrency.entitlements */,
				72FE4D472B4F066F00E0BA90 /* Preview Content */,
			);
			path = "iOS Concurrency";
			sourceTree = "<group>";
		};
		72FE4D472B4F066F00E0BA90 /* Preview Content */ = {
			isa = PBXGroup;
			children = (
				72FE4D482B4F066F00E0BA90 /* Preview Assets.xcassets */,
				72FE4D772B4F2C4000E0BA90 /* users.json */,
				72FE4D792B4F2C9D00E0BA90 /* posts.json */,
				72FE4D7E2B4F37AA00E0BA90 /* MockData.swift */,
			);
			path = "Preview Content";
			sourceTree = "<group>";
		};
		72FE4D512B4F067000E0BA90 /* iOS ConcurrencyTests */ = {
			isa = PBXGroup;
			children = (
				72FE4D522B4F067000E0BA90 /* iOS_ConcurrencyTests.swift */,
			);
			path = "iOS ConcurrencyTests";
			sourceTree = "<group>";
		};
		72FE4D5B2B4F067000E0BA90 /* iOS ConcurrencyUITests */ = {
			isa = PBXGroup;
			children = (
				72FE4D5C2B4F067000E0BA90 /* iOS_ConcurrencyUITests.swift */,
				72FE4D5E2B4F067000E0BA90 /* iOS_ConcurrencyUITestsLaunchTests.swift */,
			);
			path = "iOS ConcurrencyUITests";
			sourceTree = "<group>";
		};
		72FE4D6B2B4F093F00E0BA90 /* Models */ = {
			isa = PBXGroup;
			children = (
				72FE4D6C2B4F096700E0BA90 /* User.swift */,
				72FE4D6E2B4F0AB100E0BA90 /* Post.swift */,
				72FE4D842B50783C00E0BA90 /* UserAndPosts.swift */,
			);
			path = Models;
			sourceTree = "<group>";
		};
		72FE4D702B4F0CA300E0BA90 /* Services */ = {
			isa = PBXGroup;
			children = (
				72FE4D712B4F0CCE00E0BA90 /* APIService.swift */,
			);
			path = Services;
			sourceTree = "<group>";
		};
		72FE4D732B4F262400E0BA90 /* Views */ = {
			isa = PBXGroup;
			children = (
				72FE4D422B4F066E00E0BA90 /* UsersListView.swift */,
				72FE4D822B4F3D4000E0BA90 /* PostsListView.swift */,
			);
			path = Views;
			sourceTree = "<group>";
		};
		72FE4D742B4F265F00E0BA90 /* ViewModels */ = {
			isa = PBXGroup;
			children = (
				72FE4D752B4F268F00E0BA90 /* UsersListViewModel.swift */,
				72FE4D802B4F3BDF00E0BA90 /* PostsListViewModel.swift */,
			);
			path = ViewModels;
			sourceTree = "<group>";
		};
		72FE4D7B2B4F2DF900E0BA90 /* Extensions */ = {
			isa = PBXGroup;
			children = (
				72FE4D7C2B4F2E2900E0BA90 /* Bundle+Extension.swift */,
			);
			path = Extensions;
			sourceTree = "<group>";
		};
/* End PBXGroup section */

/* Begin PBXNativeTarget section */
		72FE4D3C2B4F066E00E0BA90 /* iOS Concurrency */ = {
			isa = PBXNativeTarget;
			buildConfigurationList = 72FE4D622B4F067000E0BA90 /* Build configuration list for PBXNativeTarget "iOS Concurrency" */;
			buildPhases = (
				72FE4D392B4F066E00E0BA90 /* Sources */,
				72FE4D3A2B4F066E00E0BA90 /* Frameworks */,
				72FE4D3B2B4F066E00E0BA90 /* Resources */,
			);
			buildRules = (
			);
			dependencies = (
			);
			name = "iOS Concurrency";
			productName = "iOS Concurrency";
			productReference = 72FE4D3D2B4F066E00E0BA90 /* iOS Concurrency.app */;
			productType = "com.apple.product-type.application";
		};
		72FE4D4D2B4F067000E0BA90 /* iOS ConcurrencyTests */ = {
			isa = PBXNativeTarget;
			buildConfigurationList = 72FE4D652B4F067000E0BA90 /* Build configuration list for PBXNativeTarget "iOS ConcurrencyTests" */;
			buildPhases = (
				72FE4D4A2B4F067000E0BA90 /* Sources */,
				72FE4D4B2B4F067000E0BA90 /* Frameworks */,
				72FE4D4C2B4F067000E0BA90 /* Resources */,
			);
			buildRules = (
			);
			dependencies = (
				72FE4D502B4F067000E0BA90 /* PBXTargetDependency */,
			);
			name = "iOS ConcurrencyTests";
			productName = "iOS ConcurrencyTests";
			productReference = 72FE4D4E2B4F067000E0BA90 /* iOS ConcurrencyTests.xctest */;
			productType = "com.apple.product-type.bundle.unit-test";
		};
		72FE4D572B4F067000E0BA90 /* iOS ConcurrencyUITests */ = {
			isa = PBXNativeTarget;
			buildConfigurationList = 72FE4D682B4F067000E0BA90 /* Build configuration list for PBXNativeTarget "iOS ConcurrencyUITests" */;
			buildPhases = (
				72FE4D542B4F067000E0BA90 /* Sources */,
				72FE4D552B4F067000E0BA90 /* Frameworks */,
				72FE4D562B4F067000E0BA90 /* Resources */,
			);
			buildRules = (
			);
			dependencies = (
				72FE4D5A2B4F067000E0BA90 /* PBXTargetDependency */,
			);
			name = "iOS ConcurrencyUITests";
			productName = "iOS ConcurrencyUITests";
			productReference = 72FE4D582B4F067000E0BA90 /* iOS ConcurrencyUITests.xctest */;
			productType = "com.apple.product-type.bundle.ui-testing";
		};
/* End PBXNativeTarget section */

/* Begin PBXProject section */
		72FE4D352B4F066E00E0BA90 /* Project object */ = {
			isa = PBXProject;
			attributes = {
				BuildIndependentTargetsInParallel = 1;
				LastSwiftUpdateCheck = 1500;
				LastUpgradeCheck = 1500;
				TargetAttributes = {
					72FE4D3C2B4F066E00E0BA90 = {
						CreatedOnToolsVersion = 15.0.1;
					};
					72FE4D4D2B4F067000E0BA90 = {
						CreatedOnToolsVersion = 15.0.1;
						TestTargetID = 72FE4D3C2B4F066E00E0BA90;
					};
					72FE4D572B4F067000E0BA90 = {
						CreatedOnToolsVersion = 15.0.1;
						TestTargetID = 72FE4D3C2B4F066E00E0BA90;
					};
				};
			};
			buildConfigurationList = 72FE4D382B4F066E00E0BA90 /* Build configuration list for PBXProject "iOS Concurrency" */;
			compatibilityVersion = "Xcode 14.0";
			developmentRegion = en;
			hasScannedForEncodings = 0;
			knownRegions = (
				en,
				Base,
			);
			mainGroup = 72FE4D342B4F066E00E0BA90;
			productRefGroup = 72FE4D3E2B4F066E00E0BA90 /* Products */;
			projectDirPath = "";
			projectRoot = "";
			targets = (
				72FE4D3C2B4F066E00E0BA90 /* iOS Concurrency */,
				72FE4D4D2B4F067000E0BA90 /* iOS ConcurrencyTests */,
				72FE4D572B4F067000E0BA90 /* iOS ConcurrencyUITests */,
			);
		};
/* End PBXProject section */

/* Begin PBXResourcesBuildPhase section */
		72FE4D3B2B4F066E00E0BA90 /* Resources */ = {
			isa = PBXResourcesBuildPhase;
			buildActionMask = 2147483647;
			files = (
				72FE4D782B4F2C4000E0BA90 /* users.json in Resources */,
				72FE4D492B4F066F00E0BA90 /* Preview Assets.xcassets in Resources */,
				72FE4D452B4F066F00E0BA90 /* Assets.xcassets in Resources */,
				72FE4D7A2B4F2C9D00E0BA90 /* posts.json in Resources */,
			);
			runOnlyForDeploymentPostprocessing = 0;
		};
		72FE4D4C2B4F067000E0BA90 /* Resources */ = {
			isa = PBXResourcesBuildPhase;
			buildActionMask = 2147483647;
			files = (
			);
			runOnlyForDeploymentPostprocessing = 0;
		};
		72FE4D562B4F067000E0BA90 /* Resources */ = {
			isa = PBXResourcesBuildPhase;
			buildActionMask = 2147483647;
			files = (
			);
			runOnlyForDeploymentPostprocessing = 0;
		};
/* End PBXResourcesBuildPhase section */

/* Begin PBXSourcesBuildPhase section */
		72FE4D392B4F066E00E0BA90 /* Sources */ = {
			isa = PBXSourcesBuildPhase;
			buildActionMask = 2147483647;
			files = (
				72FE4D852B50783C00E0BA90 /* UserAndPosts.swift in Sources */,
				72FE4D432B4F066E00E0BA90 /* UsersListView.swift in Sources */,
				72FE4D7D2B4F2E2900E0BA90 /* Bundle+Extension.swift in Sources */,
				72FE4D762B4F268F00E0BA90 /* UsersListViewModel.swift in Sources */,
				72FE4D812B4F3BDF00E0BA90 /* PostsListViewModel.swift in Sources */,
				72FE4D722B4F0CCE00E0BA90 /* APIService.swift in Sources */,
				72FE4D412B4F066E00E0BA90 /* iOS_ConcurrencyApp.swift in Sources */,
				72FE4D7F2B4F37AA00E0BA90 /* MockData.swift in Sources */,
				72FE4D6D2B4F096700E0BA90 /* User.swift in Sources */,
				72FE4D832B4F3D4000E0BA90 /* PostsListView.swift in Sources */,
				72FE4D6F2B4F0AB100E0BA90 /* Post.swift in Sources */,
			);
			runOnlyForDeploymentPostprocessing = 0;
		};
		72FE4D4A2B4F067000E0BA90 /* Sources */ = {
			isa = PBXSourcesBuildPhase;
			buildActionMask = 2147483647;
			files = (
				72FE4D532B4F067000E0BA90 /* iOS_ConcurrencyTests.swift in Sources */,
			);
			runOnlyForDeploymentPostprocessing = 0;
		};
		72FE4D542B4F067000E0BA90 /* Sources */ = {
			isa = PBXSourcesBuildPhase;
			buildActionMask = 2147483647;
			files = (
				72FE4D5F2B4F067000E0BA90 /* iOS_ConcurrencyUITestsLaunchTests.swift in Sources */,
				72FE4D5D2B4F067000E0BA90 /* iOS_ConcurrencyUITests.swift in Sources */,
			);
			runOnlyForDeploymentPostprocessing = 0;
		};
/* End PBXSourcesBuildPhase section */

/* Begin PBXTargetDependency section */
		72FE4D502B4F067000E0BA90 /* PBXTargetDependency */ = {
			isa = PBXTargetDependency;
			target = 72FE4D3C2B4F066E00E0BA90 /* iOS Concurrency */;
			targetProxy = 72FE4D4F2B4F067000E0BA90 /* PBXContainerItemProxy */;
		};
		72FE4D5A2B4F067000E0BA90 /* PBXTargetDependency */ = {
			isa = PBXTargetDependency;
			target = 72FE4D3C2B4F066E00E0BA90 /* iOS Concurrency */;
			targetProxy = 72FE4D592B4F067000E0BA90 /* PBXContainerItemProxy */;
		};
/* End PBXTargetDependency section */

/* Begin XCBuildConfiguration section */
		72FE4D602B4F067000E0BA90 /* Debug */ = {
			isa = XCBuildConfiguration;
			buildSettings = {
				ALWAYS_SEARCH_USER_PATHS = NO;
				ASSETCATALOG_COMPILER_GENERATE_SWIFT_ASSET_SYMBOL_EXTENSIONS = YES;
				CLANG_ANALYZER_NONNULL = YES;
				CLANG_ANALYZER_NUMBER_OBJECT_CONVERSION = YES_AGGRESSIVE;
				CLANG_CXX_LANGUAGE_STANDARD = "gnu++20";
				CLANG_ENABLE_MODULES = YES;
				CLANG_ENABLE_OBJC_ARC = YES;
				CLANG_ENABLE_OBJC_WEAK = YES;
				CLANG_WARN_BLOCK_CAPTURE_AUTORELEASING = YES;
				CLANG_WARN_BOOL_CONVERSION = YES;
				CLANG_WARN_COMMA = YES;
				CLANG_WARN_CONSTANT_CONVERSION = YES;
				CLANG_WARN_DEPRECATED_OBJC_IMPLEMENTATIONS = YES;
				CLANG_WARN_DIRECT_OBJC_ISA_USAGE = YES_ERROR;
				CLANG_WARN_DOCUMENTATION_COMMENTS = YES;
				CLANG_WARN_EMPTY_BODY = YES;
				CLANG_WARN_ENUM_CONVERSION = YES;
				CLANG_WARN_INFINITE_RECURSION = YES;
				CLANG_WARN_INT_CONVERSION = YES;
				CLANG_WARN_NON_LITERAL_NULL_CONVERSION = YES;
				CLANG_WARN_OBJC_IMPLICIT_RETAIN_SELF = YES;
				CLANG_WARN_OBJC_LITERAL_CONVERSION = YES;
				CLANG_WARN_OBJC_ROOT_CLASS = YES_ERROR;
				CLANG_WARN_QUOTED_INCLUDE_IN_FRAMEWORK_HEADER = YES;
				CLANG_WARN_RANGE_LOOP_ANALYSIS = YES;
				CLANG_WARN_STRICT_PROTOTYPES = YES;
				CLANG_WARN_SUSPICIOUS_MOVE = YES;
				CLANG_WARN_UNGUARDED_AVAILABILITY = YES_AGGRESSIVE;
				CLANG_WARN_UNREACHABLE_CODE = YES;
				CLANG_WARN__DUPLICATE_METHOD_MATCH = YES;
				COPY_PHASE_STRIP = NO;
				DEBUG_INFORMATION_FORMAT = dwarf;
				ENABLE_STRICT_OBJC_MSGSEND = YES;
				ENABLE_TESTABILITY = YES;
				ENABLE_USER_SCRIPT_SANDBOXING = YES;
				GCC_C_LANGUAGE_STANDARD = gnu17;
				GCC_DYNAMIC_NO_PIC = NO;
				GCC_NO_COMMON_BLOCKS = YES;
				GCC_OPTIMIZATION_LEVEL = 0;
				GCC_PREPROCESSOR_DEFINITIONS = (
					"DEBUG=1",
					"$(inherited)",
				);
				GCC_WARN_64_TO_32_BIT_CONVERSION = YES;
				GCC_WARN_ABOUT_RETURN_TYPE = YES_ERROR;
				GCC_WARN_UNDECLARED_SELECTOR = YES;
				GCC_WARN_UNINITIALIZED_AUTOS = YES_AGGRESSIVE;
				GCC_WARN_UNUSED_FUNCTION = YES;
				GCC_WARN_UNUSED_VARIABLE = YES;
				LOCALIZATION_PREFERS_STRING_CATALOGS = YES;
				MTL_ENABLE_DEBUG_INFO = INCLUDE_SOURCE;
				MTL_FAST_MATH = YES;
				ONLY_ACTIVE_ARCH = YES;
				SWIFT_ACTIVE_COMPILATION_CONDITIONS = "DEBUG $(inherited)";
				SWIFT_OPTIMIZATION_LEVEL = "-Onone";
			};
			name = Debug;
		};
		72FE4D612B4F067000E0BA90 /* Release */ = {
			isa = XCBuildConfiguration;
			buildSettings = {
				ALWAYS_SEARCH_USER_PATHS = NO;
				ASSETCATALOG_COMPILER_GENERATE_SWIFT_ASSET_SYMBOL_EXTENSIONS = YES;
				CLANG_ANALYZER_NONNULL = YES;
				CLANG_ANALYZER_NUMBER_OBJECT_CONVERSION = YES_AGGRESSIVE;
				CLANG_CXX_LANGUAGE_STANDARD = "gnu++20";
				CLANG_ENABLE_MODULES = YES;
				CLANG_ENABLE_OBJC_ARC = YES;
				CLANG_ENABLE_OBJC_WEAK = YES;
				CLANG_WARN_BLOCK_CAPTURE_AUTORELEASING = YES;
				CLANG_WARN_BOOL_CONVERSION = YES;
				CLANG_WARN_COMMA = YES;
				CLANG_WARN_CONSTANT_CONVERSION = YES;
				CLANG_WARN_DEPRECATED_OBJC_IMPLEMENTATIONS = YES;
				CLANG_WARN_DIRECT_OBJC_ISA_USAGE = YES_ERROR;
				CLANG_WARN_DOCUMENTATION_COMMENTS = YES;
				CLANG_WARN_EMPTY_BODY = YES;
				CLANG_WARN_ENUM_CONVERSION = YES;
				CLANG_WARN_INFINITE_RECURSION = YES;
				CLANG_WARN_INT_CONVERSION = YES;
				CLANG_WARN_NON_LITERAL_NULL_CONVERSION = YES;
				CLANG_WARN_OBJC_IMPLICIT_RETAIN_SELF = YES;
				CLANG_WARN_OBJC_LITERAL_CONVERSION = YES;
				CLANG_WARN_OBJC_ROOT_CLASS = YES_ERROR;
				CLANG_WARN_QUOTED_INCLUDE_IN_FRAMEWORK_HEADER = YES;
				CLANG_WARN_RANGE_LOOP_ANALYSIS = YES;
				CLANG_WARN_STRICT_PROTOTYPES = YES;
				CLANG_WARN_SUSPICIOUS_MOVE = YES;
				CLANG_WARN_UNGUARDED_AVAILABILITY = YES_AGGRESSIVE;
				CLANG_WARN_UNREACHABLE_CODE = YES;
				CLANG_WARN__DUPLICATE_METHOD_MATCH = YES;
				COPY_PHASE_STRIP = NO;
				DEBUG_INFORMATION_FORMAT = "dwarf-with-dsym";
				ENABLE_NS_ASSERTIONS = NO;
				ENABLE_STRICT_OBJC_MSGSEND = YES;
				ENABLE_USER_SCRIPT_SANDBOXING = YES;
				GCC_C_LANGUAGE_STANDARD = gnu17;
				GCC_NO_COMMON_BLOCKS = YES;
				GCC_WARN_64_TO_32_BIT_CONVERSION = YES;
				GCC_WARN_ABOUT_RETURN_TYPE = YES_ERROR;
				GCC_WARN_UNDECLARED_SELECTOR = YES;
				GCC_WARN_UNINITIALIZED_AUTOS = YES_AGGRESSIVE;
				GCC_WARN_UNUSED_FUNCTION = YES;
				GCC_WARN_UNUSED_VARIABLE = YES;
				LOCALIZATION_PREFERS_STRING_CATALOGS = YES;
				MTL_ENABLE_DEBUG_INFO = NO;
				MTL_FAST_MATH = YES;
				SWIFT_COMPILATION_MODE = wholemodule;
			};
			name = Release;
		};
		72FE4D632B4F067000E0BA90 /* Debug */ = {
			isa = XCBuildConfiguration;
			buildSettings = {
				ASSETCATALOG_COMPILER_APPICON_NAME = AppIcon;
				ASSETCATALOG_COMPILER_GLOBAL_ACCENT_COLOR_NAME = AccentColor;
				CODE_SIGN_ENTITLEMENTS = "iOS Concurrency/iOS_Concurrency.entitlements";
				CODE_SIGN_STYLE = Automatic;
				CURRENT_PROJECT_VERSION = 1;
				DEVELOPMENT_ASSET_PATHS = "\"iOS Concurrency/Preview Content\"";
				DEVELOPMENT_TEAM = SW7JVV2XM6;
				ENABLE_HARDENED_RUNTIME = YES;
				ENABLE_PREVIEWS = YES;
				GENERATE_INFOPLIST_FILE = YES;
				"INFOPLIST_KEY_UIApplicationSceneManifest_Generation[sdk=iphoneos*]" = YES;
				"INFOPLIST_KEY_UIApplicationSceneManifest_Generation[sdk=iphonesimulator*]" = YES;
				"INFOPLIST_KEY_UIApplicationSupportsIndirectInputEvents[sdk=iphoneos*]" = YES;
				"INFOPLIST_KEY_UIApplicationSupportsIndirectInputEvents[sdk=iphonesimulator*]" = YES;
				"INFOPLIST_KEY_UILaunchScreen_Generation[sdk=iphoneos*]" = YES;
				"INFOPLIST_KEY_UILaunchScreen_Generation[sdk=iphonesimulator*]" = YES;
				"INFOPLIST_KEY_UIStatusBarStyle[sdk=iphoneos*]" = UIStatusBarStyleDefault;
				"INFOPLIST_KEY_UIStatusBarStyle[sdk=iphonesimulator*]" = UIStatusBarStyleDefault;
				INFOPLIST_KEY_UISupportedInterfaceOrientations_iPad = "UIInterfaceOrientationPortrait UIInterfaceOrientationPortraitUpsideDown UIInterfaceOrientationLandscapeLeft UIInterfaceOrientationLandscapeRight";
				INFOPLIST_KEY_UISupportedInterfaceOrientations_iPhone = "UIInterfaceOrientationPortrait UIInterfaceOrientationLandscapeLeft UIInterfaceOrientationLandscapeRight";
				IPHONEOS_DEPLOYMENT_TARGET = 17.0;
				LD_RUNPATH_SEARCH_PATHS = "@executable_path/Frameworks";
				"LD_RUNPATH_SEARCH_PATHS[sdk=macosx*]" = "@executable_path/../Frameworks";
				MACOSX_DEPLOYMENT_TARGET = 14.0;
				MARKETING_VERSION = 1.0;
				PRODUCT_BUNDLE_IDENTIFIER = "com.mamadoubalde.iOS-Concurrency";
				PRODUCT_NAME = "$(TARGET_NAME)";
				SDKROOT = auto;
				SUPPORTED_PLATFORMS = "iphoneos iphonesimulator macosx";
				SWIFT_EMIT_LOC_STRINGS = YES;
				SWIFT_VERSION = 5.0;
				TARGETED_DEVICE_FAMILY = "1,2";
			};
			name = Debug;
		};
		72FE4D642B4F067000E0BA90 /* Release */ = {
			isa = XCBuildConfiguration;
			buildSettings = {
				ASSETCATALOG_COMPILER_APPICON_NAME = AppIcon;
				ASSETCATALOG_COMPILER_GLOBAL_ACCENT_COLOR_NAME = AccentColor;
				CODE_SIGN_ENTITLEMENTS = "iOS Concurrency/iOS_Concurrency.entitlements";
				CODE_SIGN_STYLE = Automatic;
				CURRENT_PROJECT_VERSION = 1;
				DEVELOPMENT_ASSET_PATHS = "\"iOS Concurrency/Preview Content\"";
				DEVELOPMENT_TEAM = SW7JVV2XM6;
				ENABLE_HARDENED_RUNTIME = YES;
				ENABLE_PREVIEWS = YES;
				GENERATE_INFOPLIST_FILE = YES;
				"INFOPLIST_KEY_UIApplicationSceneManifest_Generation[sdk=iphoneos*]" = YES;
				"INFOPLIST_KEY_UIApplicationSceneManifest_Generation[sdk=iphonesimulator*]" = YES;
				"INFOPLIST_KEY_UIApplicationSupportsIndirectInputEvents[sdk=iphoneos*]" = YES;
				"INFOPLIST_KEY_UIApplicationSupportsIndirectInputEvents[sdk=iphonesimulator*]" = YES;
				"INFOPLIST_KEY_UILaunchScreen_Generation[sdk=iphoneos*]" = YES;
				"INFOPLIST_KEY_UILaunchScreen_Generation[sdk=iphonesimulator*]" = YES;
				"INFOPLIST_KEY_UIStatusBarStyle[sdk=iphoneos*]" = UIStatusBarStyleDefault;
				"INFOPLIST_KEY_UIStatusBarStyle[sdk=iphonesimulator*]" = UIStatusBarStyleDefault;
				INFOPLIST_KEY_UISupportedInterfaceOrientations_iPad = "UIInterfaceOrientationPortrait UIInterfaceOrientationPortraitUpsideDown UIInterfaceOrientationLandscapeLeft UIInterfaceOrientationLandscapeRight";
				INFOPLIST_KEY_UISupportedInterfaceOrientations_iPhone = "UIInterfaceOrientationPortrait UIInterfaceOrientationLandscapeLeft UIInterfaceOrientationLandscapeRight";
				IPHONEOS_DEPLOYMENT_TARGET = 17.0;
				LD_RUNPATH_SEARCH_PATHS = "@executable_path/Frameworks";
				"LD_RUNPATH_SEARCH_PATHS[sdk=macosx*]" = "@executable_path/../Frameworks";
				MACOSX_DEPLOYMENT_TARGET = 14.0;
				MARKETING_VERSION = 1.0;
				PRODUCT_BUNDLE_IDENTIFIER = "com.mamadoubalde.iOS-Concurrency";
				PRODUCT_NAME = "$(TARGET_NAME)";
				SDKROOT = auto;
				SUPPORTED_PLATFORMS = "iphoneos iphonesimulator macosx";
				SWIFT_EMIT_LOC_STRINGS = YES;
				SWIFT_VERSION = 5.0;
				TARGETED_DEVICE_FAMILY = "1,2";
			};
			name = Release;
		};
		72FE4D662B4F067000E0BA90 /* Debug */ = {
			isa = XCBuildConfiguration;
			buildSettings = {
				ALWAYS_EMBED_SWIFT_STANDARD_LIBRARIES = YES;
				BUNDLE_LOADER = "$(TEST_HOST)";
				CODE_SIGN_STYLE = Automatic;
				CURRENT_PROJECT_VERSION = 1;
				DEVELOPMENT_TEAM = SW7JVV2XM6;
				GENERATE_INFOPLIST_FILE = YES;
				IPHONEOS_DEPLOYMENT_TARGET = 17.0;
				MACOSX_DEPLOYMENT_TARGET = 14.0;
				MARKETING_VERSION = 1.0;
				PRODUCT_BUNDLE_IDENTIFIER = "com.mamadoubalde.iOS-ConcurrencyTests";
				PRODUCT_NAME = "$(TARGET_NAME)";
				SDKROOT = auto;
				SUPPORTED_PLATFORMS = "iphoneos iphonesimulator macosx";
				SWIFT_EMIT_LOC_STRINGS = NO;
				SWIFT_VERSION = 5.0;
				TARGETED_DEVICE_FAMILY = "1,2";
				TEST_HOST = "$(BUILT_PRODUCTS_DIR)/iOS Concurrency.app/$(BUNDLE_EXECUTABLE_FOLDER_PATH)/iOS Concurrency";
			};
			name = Debug;
		};
		72FE4D672B4F067000E0BA90 /* Release */ = {
			isa = XCBuildConfiguration;
			buildSettings = {
				ALWAYS_EMBED_SWIFT_STANDARD_LIBRARIES = YES;
				BUNDLE_LOADER = "$(TEST_HOST)";
				CODE_SIGN_STYLE = Automatic;
				CURRENT_PROJECT_VERSION = 1;
				DEVELOPMENT_TEAM = SW7JVV2XM6;
				GENERATE_INFOPLIST_FILE = YES;
				IPHONEOS_DEPLOYMENT_TARGET = 17.0;
				MACOSX_DEPLOYMENT_TARGET = 14.0;
				MARKETING_VERSION = 1.0;
				PRODUCT_BUNDLE_IDENTIFIER = "com.mamadoubalde.iOS-ConcurrencyTests";
				PRODUCT_NAME = "$(TARGET_NAME)";
				SDKROOT = auto;
				SUPPORTED_PLATFORMS = "iphoneos iphonesimulator macosx";
				SWIFT_EMIT_LOC_STRINGS = NO;
				SWIFT_VERSION = 5.0;
				TARGETED_DEVICE_FAMILY = "1,2";
				TEST_HOST = "$(BUILT_PRODUCTS_DIR)/iOS Concurrency.app/$(BUNDLE_EXECUTABLE_FOLDER_PATH)/iOS Concurrency";
			};
			name = Release;
		};
		72FE4D692B4F067000E0BA90 /* Debug */ = {
			isa = XCBuildConfiguration;
			buildSettings = {
				ALWAYS_EMBED_SWIFT_STANDARD_LIBRARIES = YES;
				CODE_SIGN_STYLE = Automatic;
				CURRENT_PROJECT_VERSION = 1;
				DEVELOPMENT_TEAM = SW7JVV2XM6;
				GENERATE_INFOPLIST_FILE = YES;
				IPHONEOS_DEPLOYMENT_TARGET = 17.0;
				MACOSX_DEPLOYMENT_TARGET = 14.0;
				MARKETING_VERSION = 1.0;
				PRODUCT_BUNDLE_IDENTIFIER = "com.mamadoubalde.iOS-ConcurrencyUITests";
				PRODUCT_NAME = "$(TARGET_NAME)";
				SDKROOT = auto;
				SUPPORTED_PLATFORMS = "iphoneos iphonesimulator macosx";
				SWIFT_EMIT_LOC_STRINGS = NO;
				SWIFT_VERSION = 5.0;
				TARGETED_DEVICE_FAMILY = "1,2";
				TEST_TARGET_NAME = "iOS Concurrency";
			};
			name = Debug;
		};
		72FE4D6A2B4F067000E0BA90 /* Release */ = {
			isa = XCBuildConfiguration;
			buildSettings = {
				ALWAYS_EMBED_SWIFT_STANDARD_LIBRARIES = YES;
				CODE_SIGN_STYLE = Automatic;
				CURRENT_PROJECT_VERSION = 1;
				DEVELOPMENT_TEAM = SW7JVV2XM6;
				GENERATE_INFOPLIST_FILE = YES;
				IPHONEOS_DEPLOYMENT_TARGET = 17.0;
				MACOSX_DEPLOYMENT_TARGET = 14.0;
				MARKETING_VERSION = 1.0;
				PRODUCT_BUNDLE_IDENTIFIER = "com.mamadoubalde.iOS-ConcurrencyUITests";
				PRODUCT_NAME = "$(TARGET_NAME)";
				SDKROOT = auto;
				SUPPORTED_PLATFORMS = "iphoneos iphonesimulator macosx";
				SWIFT_EMIT_LOC_STRINGS = NO;
				SWIFT_VERSION = 5.0;
				TARGETED_DEVICE_FAMILY = "1,2";
				TEST_TARGET_NAME = "iOS Concurrency";
			};
			name = Release;
		};
/* End XCBuildConfiguration section */

/* Begin XCConfigurationList section */
		72FE4D382B4F066E00E0BA90 /* Build configuration list for PBXProject "iOS Concurrency" */ = {
			isa = XCConfigurationList;
			buildConfigurations = (
				72FE4D602B4F067000E0BA90 /* Debug */,
				72FE4D612B4F067000E0BA90 /* Release */,
			);
			defaultConfigurationIsVisible = 0;
			defaultConfigurationName = Release;
		};
		72FE4D622B4F067000E0BA90 /* Build configuration list for PBXNativeTarget "iOS Concurrency" */ = {
			isa = XCConfigurationList;
			buildConfigurations = (
				72FE4D632B4F067000E0BA90 /* Debug */,
				72FE4D642B4F067000E0BA90 /* Release */,
			);
			defaultConfigurationIsVisible = 0;
			defaultConfigurationName = Release;
		};
		72FE4D652B4F067000E0BA90 /* Build configuration list for PBXNativeTarget "iOS ConcurrencyTests" */ = {
			isa = XCConfigurationList;
			buildConfigurations = (
				72FE4D662B4F067000E0BA90 /* Debug */,
				72FE4D672B4F067000E0BA90 /* Release */,
			);
			defaultConfigurationIsVisible = 0;
			defaultConfigurationName = Release;
		};
		72FE4D682B4F067000E0BA90 /* Build configuration list for PBXNativeTarget "iOS ConcurrencyUITests" */ = {
			isa = XCConfigurationList;
			buildConfigurations = (
				72FE4D692B4F067000E0BA90 /* Debug */,
				72FE4D6A2B4F067000E0BA90 /* Release */,
			);
			defaultConfigurationIsVisible = 0;
			defaultConfigurationName = Release;
		};
/* End XCConfigurationList section */
	};
	rootObject = 72FE4D352B4F066E00E0BA90 /* Project object */;
}
