// !$*UTF8*$!
{
	archiveVersion = 1;
	classes = {
	};
	objectVersion = 77;
	objects = {

/* Begin PBXContainerItemProxy section */
		7200FB9D3011167F008BC5D7 /* PBXContainerItemProxy */ = {
			isa = PBXContainerItemProxy;
			containerPortal = 7200FB873011167D008BC5D7 /* Project object */;
			proxyType = 1;
			remoteGlobalIDString = 7200FB8E3011167D008BC5D7;
			remoteInfo = LocationGeocodingPOC;
		};
		7200FBA73011167F008BC5D7 /* PBXContainerItemProxy */ = {
			isa = PBXContainerItemProxy;
			containerPortal = 7200FB873011167D008BC5D7 /* Project object */;
			proxyType = 1;
			remoteGlobalIDString = 7200FB8E3011167D008BC5D7;
			remoteInfo = LocationGeocodingPOC;
		};
/* End PBXContainerItemProxy section */

/* Begin PBXFileReference section */
		7200FB8F3011167D008BC5D7 /* LocationGeocodingPOC.app */ = {isa = PBXFileReference; explicitFileType = wrapper.application; includeInIndex = 0; path = LocationGeocodingPOC.app; sourceTree = BUILT_PRODUCTS_DIR; };
		7200FB9C3011167F008BC5D7 /* LocationGeocodingPOCTests.xctest */ = {isa = PBXFileReference; explicitFileType = wrapper.cfbundle; includeInIndex = 0; path = LocationGeocodingPOCTests.xctest; sourceTree = BUILT_PRODUCTS_DIR; };
		7200FBA63011167F008BC5D7 /* LocationGeocodingPOCUITests.xctest */ = {isa = PBXFileReference; explicitFileType = wrapper.cfbundle; includeInIndex = 0; path = LocationGeocodingPOCUITests.xctest; sourceTree = BUILT_PRODUCTS_DIR; };
/* End PBXFileReference section */

/* Begin PBXFileSystemSynchronizedRootGroup section */
		7200FB913011167D008BC5D7 /* LocationGeocodingPOC */ = {
			isa = PBXFileSystemSynchronizedRootGroup;
			path = LocationGeocodingPOC;
			sourceTree = "<group>";
		};
		7200FB9F3011167F008BC5D7 /* LocationGeocodingPOCTests */ = {
			isa = PBXFileSystemSynchronizedRootGroup;
			path = LocationGeocodingPOCTests;
			sourceTree = "<group>";
		};
		7200FBA93011167F008BC5D7 /* LocationGeocodingPOCUITests */ = {
			isa = PBXFileSystemSynchronizedRootGroup;
			path = LocationGeocodingPOCUITests;
			sourceTree = "<group>";
		};
/* End PBXFileSystemSynchronizedRootGroup section */

/* Begin PBXFrameworksBuildPhase section */
		7200FB8C3011167D008BC5D7 /* Frameworks */ = {
			isa = PBXFrameworksBuildPhase;
			buildActionMask = 2147483647;
			files = (
			);
			runOnlyForDeploymentPostprocessing = 0;
		};
		7200FB993011167F008BC5D7 /* Frameworks */ = {
			isa = PBXFrameworksBuildPhase;
			buildActionMask = 2147483647;
			files = (
			);
			runOnlyForDeploymentPostprocessing = 0;
		};
		7200FBA33011167F008BC5D7 /* Frameworks */ = {
			isa = PBXFrameworksBuildPhase;
			buildActionMask = 2147483647;
			files = (
			);
			runOnlyForDeploymentPostprocessing = 0;
		};
/* End PBXFrameworksBuildPhase section */

/* Begin PBXGroup section */
		7200FB863011167D008BC5D7 = {
			isa = PBXGroup;
			children = (
				7200FB913011167D008BC5D7 /* LocationGeocodingPOC */,
				7200FB9F3011167F008BC5D7 /* LocationGeocodingPOCTests */,
				7200FBA93011167F008BC5D7 /* LocationGeocodingPOCUITests */,
				7200FB903011167D008BC5D7 /* Products */,
			);
			sourceTree = "<group>";
		};
		7200FB903011167D008BC5D7 /* Products */ = {
			isa = PBXGroup;
			children = (
				7200FB8F3011167D008BC5D7 /* LocationGeocodingPOC.app */,
				7200FB9C3011167F008BC5D7 /* LocationGeocodingPOCTests.xctest */,
				7200FBA63011167F008BC5D7 /* LocationGeocodingPOCUITests.xctest */,
			);
			name = Products;
			sourceTree = "<group>";
		};
/* End PBXGroup section */

/* Begin PBXNativeTarget section */
		7200FB8E3011167D008BC5D7 /* LocationGeocodingPOC */ = {
			isa = PBXNativeTarget;
			buildConfigurationList = 7200FBB03011167F008BC5D7 /* Build configuration list for PBXNativeTarget "LocationGeocodingPOC" */;
			buildPhases = (
				7200FB8B3011167D008BC5D7 /* Sources */,
				7200FB8C3011167D008BC5D7 /* Frameworks */,
				7200FB8D3011167D008BC5D7 /* Resources */,
			);
			buildRules = (
			);
			dependencies = (
			);
			fileSystemSynchronizedGroups = (
				7200FB913011167D008BC5D7 /* LocationGeocodingPOC */,
			);
			name = LocationGeocodingPOC;
			packageProductDependencies = (
			);
			productName = LocationGeocodingPOC;
			productReference = 7200FB8F3011167D008BC5D7 /* LocationGeocodingPOC.app */;
			productType = "com.apple.product-type.application";
		};
		7200FB9B3011167F008BC5D7 /* LocationGeocodingPOCTests */ = {
			isa = PBXNativeTarget;
			buildConfigurationList = 7200FBB33011167F008BC5D7 /* Build configuration list for PBXNativeTarget "LocationGeocodingPOCTests" */;
			buildPhases = (
				7200FB983011167F008BC5D7 /* Sources */,
				7200FB993011167F008BC5D7 /* Frameworks */,
				7200FB9A3011167F008BC5D7 /* Resources */,
			);
			buildRules = (
			);
			dependencies = (
				7200FB9E3011167F008BC5D7 /* PBXTargetDependency */,
			);
			fileSystemSynchronizedGroups = (
				7200FB9F3011167F008BC5D7 /* LocationGeocodingPOCTests */,
			);
			name = LocationGeocodingPOCTests;
			packageProductDependencies = (
			);
			productName = LocationGeocodingPOCTests;
			productReference = 7200FB9C3011167F008BC5D7 /* LocationGeocodingPOCTests.xctest */;
			productType = "com.apple.product-type.bundle.unit-test";
		};
		7200FBA53011167F008BC5D7 /* LocationGeocodingPOCUITests */ = {
			isa = PBXNativeTarget;
			buildConfigurationList = 7200FBB63011167F008BC5D7 /* Build configuration list for PBXNativeTarget "LocationGeocodingPOCUITests" */;
			buildPhases = (
				7200FBA23011167F008BC5D7 /* Sources */,
				7200FBA33011167F008BC5D7 /* Frameworks */,
				7200FBA43011167F008BC5D7 /* Resources */,
			);
			buildRules = (
			);
			dependencies = (
				7200FBA83011167F008BC5D7 /* PBXTargetDependency */,
			);
			fileSystemSynchronizedGroups = (
				7200FBA93011167F008BC5D7 /* LocationGeocodingPOCUITests */,
			);
			name = LocationGeocodingPOCUITests;
			packageProductDependencies = (
			);
			productName = LocationGeocodingPOCUITests;
			productReference = 7200FBA63011167F008BC5D7 /* LocationGeocodingPOCUITests.xctest */;
			productType = "com.apple.product-type.bundle.ui-testing";
		};
/* End PBXNativeTarget section */

/* Begin PBXProject section */
		7200FB873011167D008BC5D7 /* Project object */ = {
			isa = PBXProject;
			attributes = {
				BuildIndependentTargetsInParallel = 1;
				LastSwiftUpdateCheck = 2660;
				LastUpgradeCheck = 2660;
				TargetAttributes = {
					7200FB8E3011167D008BC5D7 = {
						CreatedOnToolsVersion = 26.6;
					};
					7200FB9B3011167F008BC5D7 = {
						CreatedOnToolsVersion = 26.6;
						TestTargetID = 7200FB8E3011167D008BC5D7;
					};
					7200FBA53011167F008BC5D7 = {
						CreatedOnToolsVersion = 26.6;
						TestTargetID = 7200FB8E3011167D008BC5D7;
					};
				};
			};
			buildConfigurationList = 7200FB8A3011167D008BC5D7 /* Build configuration list for PBXProject "LocationGeocodingPOC" */;
			developmentRegion = en;
			hasScannedForEncodings = 0;
			knownRegions = (
				en,
				Base,
			);
			mainGroup = 7200FB863011167D008BC5D7;
			minimizedProjectReferenceProxies = 1;
			preferredProjectObjectVersion = 77;
			productRefGroup = 7200FB903011167D008BC5D7 /* Products */;
			projectDirPath = "";
			projectRoot = "";
			targets = (
				7200FB8E3011167D008BC5D7 /* LocationGeocodingPOC */,
				7200FB9B3011167F008BC5D7 /* LocationGeocodingPOCTests */,
				7200FBA53011167F008BC5D7 /* LocationGeocodingPOCUITests */,
			);
		};
/* End PBXProject section */

/* Begin PBXResourcesBuildPhase section */
		7200FB8D3011167D008BC5D7 /* Resources */ = {
			isa = PBXResourcesBuildPhase;
			buildActionMask = 2147483647;
			files = (
			);
			runOnlyForDeploymentPostprocessing = 0;
		};
		7200FB9A3011167F008BC5D7 /* Resources */ = {
			isa = PBXResourcesBuildPhase;
			buildActionMask = 2147483647;
			files = (
			);
			runOnlyForDeploymentPostprocessing = 0;
		};
		7200FBA43011167F008BC5D7 /* Resources */ = {
			isa = PBXResourcesBuildPhase;
			buildActionMask = 2147483647;
			files = (
			);
			runOnlyForDeploymentPostprocessing = 0;
		};
/* End PBXResourcesBuildPhase section */

/* Begin PBXSourcesBuildPhase section */
		7200FB8B3011167D008BC5D7 /* Sources */ = {
			isa = PBXSourcesBuildPhase;
			buildActionMask = 2147483647;
			files = (
			);
			runOnlyForDeploymentPostprocessing = 0;
		};
		7200FB983011167F008BC5D7 /* Sources */ = {
			isa = PBXSourcesBuildPhase;
			buildActionMask = 2147483647;
			files = (
			);
			runOnlyForDeploymentPostprocessing = 0;
		};
		7200FBA23011167F008BC5D7 /* Sources */ = {
			isa = PBXSourcesBuildPhase;
			buildActionMask = 2147483647;
			files = (
			);
			runOnlyForDeploymentPostprocessing = 0;
		};
/* End PBXSourcesBuildPhase section */

/* Begin PBXTargetDependency section */
		7200FB9E3011167F008BC5D7 /* PBXTargetDependency */ = {
			isa = PBXTargetDependency;
			target = 7200FB8E3011167D008BC5D7 /* LocationGeocodingPOC */;
			targetProxy = 7200FB9D3011167F008BC5D7 /* PBXContainerItemProxy */;
		};
		7200FBA83011167F008BC5D7 /* PBXTargetDependency */ = {
			isa = PBXTargetDependency;
			target = 7200FB8E3011167D008BC5D7 /* LocationGeocodingPOC */;
			targetProxy = 7200FBA73011167F008BC5D7 /* PBXContainerItemProxy */;
		};
/* End PBXTargetDependency section */

/* Begin XCBuildConfiguration section */
		7200FBAE3011167F008BC5D7 /* Debug */ = {
			isa = XCBuildConfiguration;
			buildSettings = {
				ALWAYS_SEARCH_USER_PATHS = NO;
				ASSETCATALOG_COMPILER_GENERATE_SWIFT_ASSET_SYMBOL_EXTENSIONS = YES;
				CLANG_ANALYZER_NONNULL = YES;
				CLANG_ANALYZER_NUMBER_OBJECT_CONVERSION = YES_AGGRESSIVE;
				CLANG_CXX_LANGUAGE_STANDARD = "gnu++20";
				CLANG_ENABLE_MODULES = YES;
				CLANG_ENABLE_OBJC_ARC = YES;
				CLANG_ENABLE_OBJC_WEAK = YES;
				CLANG_WARN_BLOCK_CAPTURE_AUTORELEASING = YES;
				CLANG_WARN_BOOL_CONVERSION = YES;
				CLANG_WARN_COMMA = YES;
				CLANG_WARN_CONSTANT_CONVERSION = YES;
				CLANG_WARN_DEPRECATED_OBJC_IMPLEMENTATIONS = YES;
				CLANG_WARN_DIRECT_OBJC_ISA_USAGE = YES_ERROR;
				CLANG_WARN_DOCUMENTATION_COMMENTS = YES;
				CLANG_WARN_EMPTY_BODY = YES;
				CLANG_WARN_ENUM_CONVERSION = YES;
				CLANG_WARN_INFINITE_RECURSION = YES;
				CLANG_WARN_INT_CONVERSION = YES;
				CLANG_WARN_NON_LITERAL_NULL_CONVERSION = YES;
				CLANG_WARN_OBJC_IMPLICIT_RETAIN_SELF = YES;
				CLANG_WARN_OBJC_LITERAL_CONVERSION = YES;
				CLANG_WARN_OBJC_ROOT_CLASS = YES_ERROR;
				CLANG_WARN_QUOTED_INCLUDE_IN_FRAMEWORK_HEADER = YES;
				CLANG_WARN_RANGE_LOOP_ANALYSIS = YES;
				CLANG_WARN_STRICT_PROTOTYPES = YES;
				CLANG_WARN_SUSPICIOUS_MOVE = YES;
				CLANG_WARN_UNGUARDED_AVAILABILITY = YES_AGGRESSIVE;
				CLANG_WARN_UNREACHABLE_CODE = YES;
				CLANG_WARN__DUPLICATE_METHOD_MATCH = YES;
				COPY_PHASE_STRIP = NO;
				DEBUG_INFORMATION_FORMAT = dwarf;
				DEVELOPMENT_TEAM = SW7JVV2XM6;
				ENABLE_STRICT_OBJC_MSGSEND = YES;
				ENABLE_TESTABILITY = YES;
				ENABLE_USER_SCRIPT_SANDBOXING = YES;
				GCC_C_LANGUAGE_STANDARD = gnu17;
				GCC_DYNAMIC_NO_PIC = NO;
				GCC_NO_COMMON_BLOCKS = YES;
				GCC_OPTIMIZATION_LEVEL = 0;
				GCC_PREPROCESSOR_DEFINITIONS = (
					"DEBUG=1",
					"$(inherited)",
				);
				GCC_WARN_64_TO_32_BIT_CONVERSION = YES;
				GCC_WARN_ABOUT_RETURN_TYPE = YES_ERROR;
				GCC_WARN_UNDECLARED_SELECTOR = YES;
				GCC_WARN_UNINITIALIZED_AUTOS = YES_AGGRESSIVE;
				GCC_WARN_UNUSED_FUNCTION = YES;
				GCC_WARN_UNUSED_VARIABLE = YES;
				IPHONEOS_DEPLOYMENT_TARGET = 26.5;
				LOCALIZATION_PREFERS_STRING_CATALOGS = YES;
				MTL_ENABLE_DEBUG_INFO = INCLUDE_SOURCE;
				MTL_FAST_MATH = YES;
				ONLY_ACTIVE_ARCH = YES;
				SDKROOT = iphoneos;
				SWIFT_ACTIVE_COMPILATION_CONDITIONS = "DEBUG $(inherited)";
				SWIFT_OPTIMIZATION_LEVEL = "-Onone";
			};
			name = Debug;
		};
		7200FBAF3011167F008BC5D7 /* Release */ = {
			isa = XCBuildConfiguration;
			buildSettings = {
				ALWAYS_SEARCH_USER_PATHS = NO;
				ASSETCATALOG_COMPILER_GENERATE_SWIFT_ASSET_SYMBOL_EXTENSIONS = YES;
				CLANG_ANALYZER_NONNULL = YES;
				CLANG_ANALYZER_NUMBER_OBJECT_CONVERSION = YES_AGGRESSIVE;
				CLANG_CXX_LANGUAGE_STANDARD = "gnu++20";
				CLANG_ENABLE_MODULES = YES;
				CLANG_ENABLE_OBJC_ARC = YES;
				CLANG_ENABLE_OBJC_WEAK = YES;
				CLANG_WARN_BLOCK_CAPTURE_AUTORELEASING = YES;
				CLANG_WARN_BOOL_CONVERSION = YES;
				CLANG_WARN_COMMA = YES;
				CLANG_WARN_CONSTANT_CONVERSION = YES;
				CLANG_WARN_DEPRECATED_OBJC_IMPLEMENTATIONS = YES;
				CLANG_WARN_DIRECT_OBJC_ISA_USAGE = YES_ERROR;
				CLANG_WARN_DOCUMENTATION_COMMENTS = YES;
				CLANG_WARN_EMPTY_BODY = YES;
				CLANG_WARN_ENUM_CONVERSION = YES;
				CLANG_WARN_INFINITE_RECURSION = YES;
				CLANG_WARN_INT_CONVERSION = YES;
				CLANG_WARN_NON_LITERAL_NULL_CONVERSION = YES;
				CLANG_WARN_OBJC_IMPLICIT_RETAIN_SELF = YES;
				CLANG_WARN_OBJC_LITERAL_CONVERSION = YES;
				CLANG_WARN_OBJC_ROOT_CLASS = YES_ERROR;
				CLANG_WARN_QUOTED_INCLUDE_IN_FRAMEWORK_HEADER = YES;
				CLANG_WARN_RANGE_LOOP_ANALYSIS = YES;
				CLANG_WARN_STRICT_PROTOTYPES = YES;
				CLANG_WARN_SUSPICIOUS_MOVE = YES;
				CLANG_WARN_UNGUARDED_AVAILABILITY = YES_AGGRESSIVE;
				CLANG_WARN_UNREACHABLE_CODE = YES;
				CLANG_WARN__DUPLICATE_METHOD_MATCH = YES;
				COPY_PHASE_STRIP = NO;
				DEBUG_INFORMATION_FORMAT = "dwarf-with-dsym";
				DEVELOPMENT_TEAM = SW7JVV2XM6;
				ENABLE_NS_ASSERTIONS = NO;
				ENABLE_STRICT_OBJC_MSGSEND = YES;
				ENABLE_USER_SCRIPT_SANDBOXING = YES;
				GCC_C_LANGUAGE_STANDARD = gnu17;
				GCC_NO_COMMON_BLOCKS = YES;
				GCC_WARN_64_TO_32_BIT_CONVERSION = YES;
				GCC_WARN_ABOUT_RETURN_TYPE = YES_ERROR;
				GCC_WARN_UNDECLARED_SELECTOR = YES;
				GCC_WARN_UNINITIALIZED_AUTOS = YES_AGGRESSIVE;
				GCC_WARN_UNUSED_FUNCTION = YES;
				GCC_WARN_UNUSED_VARIABLE = YES;
				IPHONEOS_DEPLOYMENT_TARGET = 26.5;
				LOCALIZATION_PREFERS_STRING_CATALOGS = YES;
				MTL_ENABLE_DEBUG_INFO = NO;
				MTL_FAST_MATH = YES;
				SDKROOT = iphoneos;
				SWIFT_COMPILATION_MODE = wholemodule;
				VALIDATE_PRODUCT = YES;
			};
			name = Release;
		};
		7200FBB13011167F008BC5D7 /* Debug */ = {
			isa = XCBuildConfiguration;
			buildSettings = {
				ASSETCATALOG_COMPILER_APPICON_NAME = AppIcon;
				ASSETCATALOG_COMPILER_GLOBAL_ACCENT_COLOR_NAME = AccentColor;
				CODE_SIGN_STYLE = Automatic;
				CURRENT_PROJECT_VERSION = 1;
				DEVELOPMENT_TEAM = SW7JVV2XM6;
				ENABLE_PREVIEWS = YES;
				GENERATE_INFOPLIST_FILE = YES;
				INFOPLIST_KEY_UIApplicationSceneManifest_Generation = YES;
				INFOPLIST_KEY_UIApplicationSupportsIndirectInputEvents = YES;
				INFOPLIST_KEY_UILaunchScreen_Generation = YES;
				INFOPLIST_KEY_UISupportedInterfaceOrientations_iPad = "UIInterfaceOrientationPortrait UIInterfaceOrientationPortraitUpsideDown UIInterfaceOrientationLandscapeLeft UIInterfaceOrientationLandscapeRight";
				INFOPLIST_KEY_UISupportedInterfaceOrientations_iPhone = "UIInterfaceOrientationPortrait UIInterfaceOrientationLandscapeLeft UIInterfaceOrientationLandscapeRight";
				LD_RUNPATH_SEARCH_PATHS = (
					"$(inherited)",
					"@executable_path/Frameworks",
				);
				MARKETING_VERSION = 1.0;
				PRODUCT_BUNDLE_IDENTIFIER = gov.ny.its.LocationGeocodingPOC;
				PRODUCT_NAME = "$(TARGET_NAME)";
				STRING_CATALOG_GENERATE_SYMBOLS = YES;
				SWIFT_APPROACHABLE_CONCURRENCY = YES;
				SWIFT_DEFAULT_ACTOR_ISOLATION = MainActor;
				SWIFT_EMIT_LOC_STRINGS = YES;
				SWIFT_UPCOMING_FEATURE_MEMBER_IMPORT_VISIBILITY = YES;
				SWIFT_VERSION = 5.0;
				TARGETED_DEVICE_FAMILY = "1,2";
			};
			name = Debug;
		};
		7200FBB23011167F008BC5D7 /* Release */ = {
			isa = XCBuildConfiguration;
			buildSettings = {
				ASSETCATALOG_COMPILER_APPICON_NAME = AppIcon;
				ASSETCATALOG_COMPILER_GLOBAL_ACCENT_COLOR_NAME = AccentColor;
				CODE_SIGN_STYLE = Automatic;
				CURRENT_PROJECT_VERSION = 1;
				DEVELOPMENT_TEAM = SW7JVV2XM6;
				ENABLE_PREVIEWS = YES;
				GENERATE_INFOPLIST_FILE = YES;
				INFOPLIST_KEY_UIApplicationSceneManifest_Generation = YES;
				INFOPLIST_KEY_UIApplicationSupportsIndirectInputEvents = YES;
				INFOPLIST_KEY_UILaunchScreen_Generation = YES;
				INFOPLIST_KEY_UISupportedInterfaceOrientations_iPad = "UIInterfaceOrientationPortrait UIInterfaceOrientationPortraitUpsideDown UIInterfaceOrientationLandscapeLeft UIInterfaceOrientationLandscapeRight";
				INFOPLIST_KEY_UISupportedInterfaceOrientations_iPhone = "UIInterfaceOrientationPortrait UIInterfaceOrientationLandscapeLeft UIInterfaceOrientationLandscapeRight";
				LD_RUNPATH_SEARCH_PATHS = (
					"$(inherited)",
					"@executable_path/Frameworks",
				);
				MARKETING_VERSION = 1.0;
				PRODUCT_BUNDLE_IDENTIFIER = gov.ny.its.LocationGeocodingPOC;
				PRODUCT_NAME = "$(TARGET_NAME)";
				STRING_CATALOG_GENERATE_SYMBOLS = YES;
				SWIFT_APPROACHABLE_CONCURRENCY = YES;
				SWIFT_DEFAULT_ACTOR_ISOLATION = MainActor;
				SWIFT_EMIT_LOC_STRINGS = YES;
				SWIFT_UPCOMING_FEATURE_MEMBER_IMPORT_VISIBILITY = YES;
				SWIFT_VERSION = 5.0;
				TARGETED_DEVICE_FAMILY = "1,2";
			};
			name = Release;
		};
		7200FBB43011167F008BC5D7 /* Debug */ = {
			isa = XCBuildConfiguration;
			buildSettings = {
				BUNDLE_LOADER = "$(TEST_HOST)";
				CODE_SIGN_STYLE = Automatic;
				CURRENT_PROJECT_VERSION = 1;
				DEVELOPMENT_TEAM = SW7JVV2XM6;
				GENERATE_INFOPLIST_FILE = YES;
				IPHONEOS_DEPLOYMENT_TARGET = 26.5;
				MARKETING_VERSION = 1.0;
				PRODUCT_BUNDLE_IDENTIFIER = gov.ny.its.LocationGeocodingPOCTests;
				PRODUCT_NAME = "$(TARGET_NAME)";
				STRING_CATALOG_GENERATE_SYMBOLS = NO;
				SWIFT_APPROACHABLE_CONCURRENCY = YES;
				SWIFT_EMIT_LOC_STRINGS = NO;
				SWIFT_UPCOMING_FEATURE_MEMBER_IMPORT_VISIBILITY = YES;
				SWIFT_VERSION = 5.0;
				TARGETED_DEVICE_FAMILY = "1,2";
				TEST_HOST = "$(BUILT_PRODUCTS_DIR)/LocationGeocodingPOC.app/$(BUNDLE_EXECUTABLE_FOLDER_PATH)/LocationGeocodingPOC";
			};
			name = Debug;
		};
		7200FBB53011167F008BC5D7 /* Release */ = {
			isa = XCBuildConfiguration;
			buildSettings = {
				BUNDLE_LOADER = "$(TEST_HOST)";
				CODE_SIGN_STYLE = Automatic;
				CURRENT_PROJECT_VERSION = 1;
				DEVELOPMENT_TEAM = SW7JVV2XM6;
				GENERATE_INFOPLIST_FILE = YES;
				IPHONEOS_DEPLOYMENT_TARGET = 26.5;
				MARKETING_VERSION = 1.0;
				PRODUCT_BUNDLE_IDENTIFIER = gov.ny.its.LocationGeocodingPOCTests;
				PRODUCT_NAME = "$(TARGET_NAME)";
				STRING_CATALOG_GENERATE_SYMBOLS = NO;
				SWIFT_APPROACHABLE_CONCURRENCY = YES;
				SWIFT_EMIT_LOC_STRINGS = NO;
				SWIFT_UPCOMING_FEATURE_MEMBER_IMPORT_VISIBILITY = YES;
				SWIFT_VERSION = 5.0;
				TARGETED_DEVICE_FAMILY = "1,2";
				TEST_HOST = "$(BUILT_PRODUCTS_DIR)/LocationGeocodingPOC.app/$(BUNDLE_EXECUTABLE_FOLDER_PATH)/LocationGeocodingPOC";
			};
			name = Release;
		};
		7200FBB73011167F008BC5D7 /* Debug */ = {
			isa = XCBuildConfiguration;
			buildSettings = {
				CODE_SIGN_STYLE = Automatic;
				CURRENT_PROJECT_VERSION = 1;
				DEVELOPMENT_TEAM = SW7JVV2XM6;
				GENERATE_INFOPLIST_FILE = YES;
				MARKETING_VERSION = 1.0;
				PRODUCT_BUNDLE_IDENTIFIER = gov.ny.its.LocationGeocodingPOCUITests;
				PRODUCT_NAME = "$(TARGET_NAME)";
				STRING_CATALOG_GENERATE_SYMBOLS = NO;
				SWIFT_APPROACHABLE_CONCURRENCY = YES;
				SWIFT_EMIT_LOC_STRINGS = NO;
				SWIFT_UPCOMING_FEATURE_MEMBER_IMPORT_VISIBILITY = YES;
				SWIFT_VERSION = 5.0;
				TARGETED_DEVICE_FAMILY = "1,2";
				TEST_TARGET_NAME = LocationGeocodingPOC;
			};
			name = Debug;
		};
		7200FBB83011167F008BC5D7 /* Release */ = {
			isa = XCBuildConfiguration;
			buildSettings = {
				CODE_SIGN_STYLE = Automatic;
				CURRENT_PROJECT_VERSION = 1;
				DEVELOPMENT_TEAM = SW7JVV2XM6;
				GENERATE_INFOPLIST_FILE = YES;
				MARKETING_VERSION = 1.0;
				PRODUCT_BUNDLE_IDENTIFIER = gov.ny.its.LocationGeocodingPOCUITests;
				PRODUCT_NAME = "$(TARGET_NAME)";
				STRING_CATALOG_GENERATE_SYMBOLS = NO;
				SWIFT_APPROACHABLE_CONCURRENCY = YES;
				SWIFT_EMIT_LOC_STRINGS = NO;
				SWIFT_UPCOMING_FEATURE_MEMBER_IMPORT_VISIBILITY = YES;
				SWIFT_VERSION = 5.0;
				TARGETED_DEVICE_FAMILY = "1,2";
				TEST_TARGET_NAME = LocationGeocodingPOC;
			};
			name = Release;
		};
/* End XCBuildConfiguration section */

/* Begin XCConfigurationList section */
		7200FB8A3011167D008BC5D7 /* Build configuration list for PBXProject "LocationGeocodingPOC" */ = {
			isa = XCConfigurationList;
			buildConfigurations = (
				7200FBAE3011167F008BC5D7 /* Debug */,
				7200FBAF3011167F008BC5D7 /* Release */,
			);
			defaultConfigurationIsVisible = 0;
			defaultConfigurationName = Release;
		};
		7200FBB03011167F008BC5D7 /* Build configuration list for PBXNativeTarget "LocationGeocodingPOC" */ = {
			isa = XCConfigurationList;
			buildConfigurations = (
				7200FBB13011167F008BC5D7 /* Debug */,
				7200FBB23011167F008BC5D7 /* Release */,
			);
			defaultConfigurationIsVisible = 0;
			defaultConfigurationName = Release;
		};
		7200FBB33011167F008BC5D7 /* Build configuration list for PBXNativeTarget "LocationGeocodingPOCTests" */ = {
			isa = XCConfigurationList;
			buildConfigurations = (
				7200FBB43011167F008BC5D7 /* Debug */,
				7200FBB53011167F008BC5D7 /* Release */,
			);
			defaultConfigurationIsVisible = 0;
			defaultConfigurationName = Release;
		};
		7200FBB63011167F008BC5D7 /* Build configuration list for PBXNativeTarget "LocationGeocodingPOCUITests" */ = {
			isa = XCConfigurationList;
			buildConfigurations = (
				7200FBB73011167F008BC5D7 /* Debug */,
				7200FBB83011167F008BC5D7 /* Release */,
			);
			defaultConfigurationIsVisible = 0;
			defaultConfigurationName = Release;
		};
/* End XCConfigurationList section */
	};
	rootObject = 7200FB873011167D008BC5D7 /* Project object */;
}
